
Microsoft Visual Studio Solution File, Format Version 12.00
# Visual Studio 14
VisualStudioVersion = 14.0.25420.1
MinimumVisualStudioVersion = 10.0.40219.1
Project("{FAE04EC0-301F-11D3-BF4B-00C04F79EFBC}") = "Calculator.Core", "Calculator.Core\Calculator.Core.csproj", "{13C8B5E4-BE23-43E3-930D-21D77906709B}"
EndProject
Project("{FAE04EC0-301F-11D3-BF4B-00C04F79EFBC}") = "Calculator.Core.Test.Unit", "Calculator.Test.Unit\Calculator.Core.Test.Unit.csproj", "{67800ED9-38F5-4338-85BE-98DCB0C2BF11}"
EndProject
Global
	GlobalSection(SolutionConfigurationPlatforms) = preSolution
		Debug|Any CPU = Debug|Any CPU
		Release|Any CPU = Release|Any CPU
	EndGlobalSection
	GlobalSection(ProjectConfigurationPlatforms) = postSolution
		{13C8B5E4-BE23-43E3-930D-21D77906709B}.Debug|Any CPU.ActiveCfg = Debug|Any CPU
		{13C8B5E4-BE23-43E3-930D-21D77906709B}.Debug|Any CPU.Build.0 = Debug|Any CPU
		{13C8B5E4-BE23-43E3-930D-21D77906709B}.Release|Any CPU.ActiveCfg = Release|Any CPU
		{13C8B5E4-BE23-43E3-930D-21D77906709B}.Release|Any CPU.Build.0 = Release|Any CPU
		{67800ED9-38F5-4338-85BE-98DCB0C2BF11}.Debug|Any CPU.ActiveCfg = Debug|Any CPU
		{67800ED9-38F5-4338-85BE-98DCB0C2BF11}.Debug|Any CPU.Build.0 = Debug|Any CPU
		{67800ED9-38F5-4338-85BE-98DCB0C2BF11}.Release|Any CPU.ActiveCfg = Release|Any CPU
		{67800ED9-38F5-4338-85BE-98DCB0C2BF11}.Release|Any CPU.Build.0 = Release|Any CPU
	EndGlobalSection
	GlobalSection(SolutionProperties) = preSolution
		HideSolutionNode = FALSE
	EndGlobalSection
EndGlobal
